
Microsoft Visual Studio Solution File, Format Version 12.00
# Visual Studio Version 16
VisualStudioVersion = 16.0.30320.27
MinimumVisualStudioVersion = 10.0.40219.1
Project("{FAE04EC0-301F-11D3-BF4B-00C04F79EFBC}") = "KSM-Financial-API", "KSM-Financial-API\KSM-Financial-API.csproj", "{F43A7F5E-EE2B-4865-8A62-CA59EBE19411}"
EndProject
Global
	GlobalSection(SolutionConfigurationPlatforms) = preSolution
		Debug|Any CPU = Debug|Any CPU
		Release|Any CPU = Release|Any CPU
	EndGlobalSection
	GlobalSection(ProjectConfigurationPlatforms) = postSolution
		{F43A7F5E-EE2B-4865-8A62-CA59EBE19411}.Debug|Any CPU.ActiveCfg = Debug|Any CPU
		{F43A7F5E-EE2B-4865-8A62-CA59EBE19411}.Debug|Any CPU.Build.0 = Debug|Any CPU
		{F43A7F5E-EE2B-4865-8A62-CA59EBE19411}.Release|Any CPU.ActiveCfg = Release|Any CPU
		{F43A7F5E-EE2B-4865-8A62-CA59EBE19411}.Release|Any CPU.Build.0 = Release|Any CPU
	EndGlobalSection
	GlobalSection(SolutionProperties) = preSolution
		HideSolutionNode = FALSE
	EndGlobalSection
	GlobalSection(ExtensibilityGlobals) = postSolution
		SolutionGuid = {5521460F-A31D-4652-8B77-7910200CE49B}
	EndGlobalSection
EndGlobal
